
Microsoft Visual Studio Solution File, Format Version 12.00
# Visual Studio Version 16
VisualStudioVersion = 25.0.1700.2
MinimumVisualStudioVersion = 10.0.40219.1
Project("{FAE04EC0-301F-11D3-BF4B-00C04F79EFBC}") = "aspFront", "aspFront\aspFront.csproj", "{0C359F15-2068-4073-AA01-6E9D94C59C4E}"
EndProject
Global
	GlobalSection(SolutionConfigurationPlatforms) = preSolution
		Debug|Any CPU = Debug|Any CPU
		Release|Any CPU = Release|Any CPU
	EndGlobalSection
	GlobalSection(ProjectConfigurationPlatforms) = postSolution
		{0C359F15-2068-4073-AA01-6E9D94C59C4E}.Debug|Any CPU.ActiveCfg = Debug|Any CPU
		{0C359F15-2068-4073-AA01-6E9D94C59C4E}.Debug|Any CPU.Build.0 = Debug|Any CPU
		{0C359F15-2068-4073-AA01-6E9D94C59C4E}.Release|Any CPU.ActiveCfg = Release|Any CPU
		{0C359F15-2068-4073-AA01-6E9D94C59C4E}.Release|Any CPU.Build.0 = Release|Any CPU
	EndGlobalSection
	GlobalSection(SolutionProperties) = preSolution
		HideSolutionNode = FALSE
	EndGlobalSection
	GlobalSection(ExtensibilityGlobals) = postSolution
		SolutionGuid = {1AE7406E-6970-4123-A76D-AF512697285B}
	EndGlobalSection
EndGlobal
